
Microsoft Visual Studio Solution File, Format Version 12.00
# Visual Studio Version 16
VisualStudioVersion = 16.0.31205.134
MinimumVisualStudioVersion = 10.0.40219.1
Project("{FAE04EC0-301F-11D3-BF4B-00C04F79EFBC}") = "LazyDB", "LazyDB\LazyDB.csproj", "{F45DDCA8-D1C3-43B6-8235-357B28B00A49}"
EndProject
Global
	GlobalSection(SolutionConfigurationPlatforms) = preSolution
		Debug|Any CPU = Debug|Any CPU
		Release|Any CPU = Release|Any CPU
	EndGlobalSection
	GlobalSection(ProjectConfigurationPlatforms) = postSolution
		{F45DDCA8-D1C3-43B6-8235-357B28B00A49}.Debug|Any CPU.ActiveCfg = Debug|Any CPU
		{F45DDCA8-D1C3-43B6-8235-357B28B00A49}.Debug|Any CPU.Build.0 = Debug|Any CPU
		{F45DDCA8-D1C3-43B6-8235-357B28B00A49}.Release|Any CPU.ActiveCfg = Release|Any CPU
		{F45DDCA8-D1C3-43B6-8235-357B28B00A49}.Release|Any CPU.Build.0 = Release|Any CPU
	EndGlobalSection
	GlobalSection(SolutionProperties) = preSolution
		HideSolutionNode = FALSE
	EndGlobalSection
	GlobalSection(ExtensibilityGlobals) = postSolution
		SolutionGuid = {226819C5-8D8B-4E38-833F-D5577AC83D21}
	EndGlobalSection
EndGlobal
